
Microsoft Visual Studio Solution File, Format Version 12.00
# Visual Studio Version 17
VisualStudioVersion = 17.2.32602.215
MinimumVisualStudioVersion = 10.0.40219.1
Project("{9A19103F-16F7-4668-BE54-9A1E7A4F7556}") = "Zadanie1", "Zadanie1\Zadanie1.csproj", "{58C08DA3-10C9-4FA1-8AE2-E3C02196BAFF}"
EndProject
Project("{9A19103F-16F7-4668-BE54-9A1E7A4F7556}") = "Zadanie2_v2", "Zadanie2_v2\Zadanie2_v2.csproj", "{66EB8E62-D251-4099-83F8-9FB5457D19F4}"
EndProject
Project("{9A19103F-16F7-4668-BE54-9A1E7A4F7556}") = "Zadanie4", "Zadanie4\Zadanie4.csproj", "{5994EDFC-21FE-4423-B36F-70FDC1E6AB68}"
EndProject
Global
	GlobalSection(SolutionConfigurationPlatforms) = preSolution
		Debug|Any CPU = Debug|Any CPU
		Release|Any CPU = Release|Any CPU
	EndGlobalSection
	GlobalSection(ProjectConfigurationPlatforms) = postSolution
		{58C08DA3-10C9-4FA1-8AE2-E3C02196BAFF}.Debug|Any CPU.ActiveCfg = Debug|Any CPU
		{58C08DA3-10C9-4FA1-8AE2-E3C02196BAFF}.Debug|Any CPU.Build.0 = Debug|Any CPU
		{58C08DA3-10C9-4FA1-8AE2-E3C02196BAFF}.Release|Any CPU.ActiveCfg = Release|Any CPU
		{58C08DA3-10C9-4FA1-8AE2-E3C02196BAFF}.Release|Any CPU.Build.0 = Release|Any CPU
		{66EB8E62-D251-4099-83F8-9FB5457D19F4}.Debug|Any CPU.ActiveCfg = Debug|Any CPU
		{66EB8E62-D251-4099-83F8-9FB5457D19F4}.Debug|Any CPU.Build.0 = Debug|Any CPU
		{66EB8E62-D251-4099-83F8-9FB5457D19F4}.Release|Any CPU.ActiveCfg = Release|Any CPU
		{66EB8E62-D251-4099-83F8-9FB5457D19F4}.Release|Any CPU.Build.0 = Release|Any CPU
		{5994EDFC-21FE-4423-B36F-70FDC1E6AB68}.Debug|Any CPU.ActiveCfg = Debug|Any CPU
		{5994EDFC-21FE-4423-B36F-70FDC1E6AB68}.Debug|Any CPU.Build.0 = Debug|Any CPU
		{5994EDFC-21FE-4423-B36F-70FDC1E6AB68}.Release|Any CPU.ActiveCfg = Release|Any CPU
		{5994EDFC-21FE-4423-B36F-70FDC1E6AB68}.Release|Any CPU.Build.0 = Release|Any CPU
	EndGlobalSection
	GlobalSection(SolutionProperties) = preSolution
		HideSolutionNode = FALSE
	EndGlobalSection
	GlobalSection(ExtensibilityGlobals) = postSolution
		SolutionGuid = {4634CB47-8BFE-43CB-A795-E98A9366176A}
	EndGlobalSection
EndGlobal
